
OpenTofu used the selected providers to generate the following execution
plan. Resource actions are indicated with the following symbols:
  + create

OpenTofu will perform the following actions:

  # module.dns.aws_route53_record.google_dkim[0] will be created
  + resource "aws_route53_record" "google_dkim" {
      + allow_overwrite = (known after apply)
      + fqdn            = (known after apply)
      + id              = (known after apply)
      + name            = "google._domainkey.example.com"
      + records         = [
          + "v=DKIM1; k=rsa; p=MIG...",
        ]
      + ttl             = 300
      + type            = "TXT"
      + zone_id         = (known after apply)
    }

  # module.dns.aws_route53_record.mx[0] will be created
  + resource "aws_route53_record" "mx" {
      + allow_overwrite = (known after apply)
      + fqdn            = (known after apply)
      + id              = (known after apply)
      + name            = "example.com"
      + records         = [
          + "10 ASPMX.L.GOOGLE.COM.",
          + "20 ALT1.ASPMX.L.GOOGLE.COM.",
          + "20 ALT2.ASPMX.L.GOOGLE.COM.",
          + "30 ASPMX2.GOOGLEMAIL.COM.",
          + "30 ASPMX3.GOOGLEMAIL.COM.",
          + "30 ASPMX4.GOOGLEMAIL.COM.",
          + "30 ASPMX5.GOOGLEMAIL.COM.",
        ]
      + ttl             = 300
      + type            = "MX"
      + zone_id         = (known after apply)
    }

  # module.dns.aws_route53_record.ns will be created
  + resource "aws_route53_record" "ns" {
      + allow_overwrite = (known after apply)
      + fqdn            = (known after apply)
      + id              = (known after apply)
      + name            = "example.com"
      + records         = (known after apply)
      + ttl             = 86400
      + type            = "NS"
      + zone_id         = (known after apply)
    }

  # module.dns.aws_route53_record.spf will be created
  + resource "aws_route53_record" "spf" {
      + allow_overwrite = (known after apply)
      + fqdn            = (known after apply)
      + id              = (known after apply)
      + name            = "example.com"
      + records         = [
          + "v=spf1 include:_spf.google.com ~all",
        ]
      + ttl             = 300
      + type            = "SPF"
      + zone_id         = (known after apply)
    }

  # module.dns.aws_route53_record.txt will be created
  + resource "aws_route53_record" "txt" {
      + allow_overwrite = (known after apply)
      + fqdn            = (known after apply)
      + id              = (known after apply)
      + name            = "example.com"
      + records         = [
          + "foo=bar",
          + "fubar=3",
          + "google-site-verification=12345",
          + "v=spf1 include:_spf.google.com ~all",
        ]
      + ttl             = 300
      + type            = "TXT"
      + zone_id         = (known after apply)
    }

  # module.dns.aws_route53_zone.main will be created
  + resource "aws_route53_zone" "main" {
      + arn                 = (known after apply)
      + comment             = "Managed by Terraform"
      + force_destroy       = false
      + id                  = (known after apply)
      + name                = "example.com"
      + name_servers        = (known after apply)
      + primary_name_server = (known after apply)
      + tags_all            = (known after apply)
      + zone_id             = (known after apply)
    }

Plan: 6 to add, 0 to change, 0 to destroy.

─────────────────────────────────────────────────────────────────────────────

Note: You didn't use the -out option to save this plan, so OpenTofu can't
guarantee to take exactly these actions if you run "tofu apply" now.
